
Microsoft Visual Studio Solution File, Format Version 12.00
# Visual Studio Version 17
VisualStudioVersion = 17.0.32112.339
MinimumVisualStudioVersion = 10.0.40219.1
Project("{9A19103F-16F7-4668-BE54-9A1E7A4F7556}") = "TextQuest.ConsoleView", "TextQuest.ConsoleView\TextQuest.ConsoleView.csproj", "{778E7AFB-3409-4523-984D-83EF01C22038}"
EndProject
Project("{9A19103F-16F7-4668-BE54-9A1E7A4F7556}") = "TextQuest.Core", "TextQuest.Core\TextQuest.Core.csproj", "{D3513DA8-E8F8-44D7-996C-FC5CBAD77D20}"
EndProject
Project("{9A19103F-16F7-4668-BE54-9A1E7A4F7556}") = "TextQuest.Editor", "TextQuest.Editor\TextQuest.Editor.csproj", "{0C77BEE0-B9B7-4B8C-A42B-F2EF0F18D2DD}"
EndProject
Project("{FAE04EC0-301F-11D3-BF4B-00C04F79EFBC}") = "TextQuest.Logger", "TextQuest.Logger\TextQuest.Logger.csproj", "{227CCA86-1CEC-4DED-B8AA-258287507488}"
EndProject
Global
	GlobalSection(SolutionConfigurationPlatforms) = preSolution
		Debug|Any CPU = Debug|Any CPU
		Release|Any CPU = Release|Any CPU
	EndGlobalSection
	GlobalSection(ProjectConfigurationPlatforms) = postSolution
		{778E7AFB-3409-4523-984D-83EF01C22038}.Debug|Any CPU.ActiveCfg = Debug|Any CPU
		{778E7AFB-3409-4523-984D-83EF01C22038}.Debug|Any CPU.Build.0 = Debug|Any CPU
		{778E7AFB-3409-4523-984D-83EF01C22038}.Release|Any CPU.ActiveCfg = Release|Any CPU
		{778E7AFB-3409-4523-984D-83EF01C22038}.Release|Any CPU.Build.0 = Release|Any CPU
		{D3513DA8-E8F8-44D7-996C-FC5CBAD77D20}.Debug|Any CPU.ActiveCfg = Debug|Any CPU
		{D3513DA8-E8F8-44D7-996C-FC5CBAD77D20}.Debug|Any CPU.Build.0 = Debug|Any CPU
		{D3513DA8-E8F8-44D7-996C-FC5CBAD77D20}.Release|Any CPU.ActiveCfg = Release|Any CPU
		{D3513DA8-E8F8-44D7-996C-FC5CBAD77D20}.Release|Any CPU.Build.0 = Release|Any CPU
		{0C77BEE0-B9B7-4B8C-A42B-F2EF0F18D2DD}.Debug|Any CPU.ActiveCfg = Debug|Any CPU
		{0C77BEE0-B9B7-4B8C-A42B-F2EF0F18D2DD}.Debug|Any CPU.Build.0 = Debug|Any CPU
		{0C77BEE0-B9B7-4B8C-A42B-F2EF0F18D2DD}.Release|Any CPU.ActiveCfg = Release|Any CPU
		{0C77BEE0-B9B7-4B8C-A42B-F2EF0F18D2DD}.Release|Any CPU.Build.0 = Release|Any CPU
		{227CCA86-1CEC-4DED-B8AA-258287507488}.Debug|Any CPU.ActiveCfg = Debug|Any CPU
		{227CCA86-1CEC-4DED-B8AA-258287507488}.Debug|Any CPU.Build.0 = Debug|Any CPU
		{227CCA86-1CEC-4DED-B8AA-258287507488}.Release|Any CPU.ActiveCfg = Release|Any CPU
		{227CCA86-1CEC-4DED-B8AA-258287507488}.Release|Any CPU.Build.0 = Release|Any CPU
	EndGlobalSection
	GlobalSection(SolutionProperties) = preSolution
		HideSolutionNode = FALSE
	EndGlobalSection
	GlobalSection(ExtensibilityGlobals) = postSolution
		SolutionGuid = {3FF93EBC-C1D2-4E27-9673-DBFDA0C52482}
	EndGlobalSection
EndGlobal
